
Microsoft Visual Studio Solution File, Format Version 12.00
# Visual Studio 14
VisualStudioVersion = 14.0.25420.1
MinimumVisualStudioVersion = 10.0.40219.1
Project("{FAE04EC0-301F-11D3-BF4B-00C04F79EFBC}") = "ImageReplacer", "ImageReplacer\ImageReplacer.csproj", "{99C9E82C-C594-446D-AA59-8FFBC43AD226}"
EndProject
Project("{2150E333-8FDC-42A3-9474-1A3956D46DE8}") = "Modules", "Modules", "{9ADDBDE4-8FD9-4BDD-8B7B-203662A4D01F}"
EndProject
Project("{FAE04EC0-301F-11D3-BF4B-00C04F79EFBC}") = "ImageReplacer.Infrastructure", "ImageReplacer.Infrastructure\ImageReplacer.Infrastructure.csproj", "{AB8B448C-DD74-4D60-A041-3E5D03A32180}"
EndProject
Project("{2150E333-8FDC-42A3-9474-1A3956D46DE8}") = "Business", "Business", "{7408DF8C-497E-42D2-B836-A19B0DEBA2A9}"
EndProject
Project("{FAE04EC0-301F-11D3-BF4B-00C04F79EFBC}") = "ReplacementImage", "Modules\ConfigureReplacementImage\ReplacementImage.csproj", "{70AF1445-D789-4E33-81F2-979AACD96A00}"
EndProject
Project("{FAE04EC0-301F-11D3-BF4B-00C04F79EFBC}") = "ImageProcessing", "Business\ImageProcessing\ImageProcessing.csproj", "{71DFD0DF-41E0-40EA-A14F-65785AD8D405}"
EndProject
Project("{FAE04EC0-301F-11D3-BF4B-00C04F79EFBC}") = "ImageFileSelection", "Modules\ImageFileSelection\ImageFileSelection.csproj", "{ADD15406-A78B-41C8-85E1-9F7666937DA7}"
EndProject
Project("{FAE04EC0-301F-11D3-BF4B-00C04F79EFBC}") = "ResourceLibrary", "ResourceLibrary\ResourceLibrary.csproj", "{56295E31-A40B-476A-860E-254D5B747372}"
EndProject
Global
	GlobalSection(SolutionConfigurationPlatforms) = preSolution
		Debug|Any CPU = Debug|Any CPU
		Release|Any CPU = Release|Any CPU
	EndGlobalSection
	GlobalSection(ProjectConfigurationPlatforms) = postSolution
		{99C9E82C-C594-446D-AA59-8FFBC43AD226}.Debug|Any CPU.ActiveCfg = Debug|Any CPU
		{99C9E82C-C594-446D-AA59-8FFBC43AD226}.Debug|Any CPU.Build.0 = Debug|Any CPU
		{99C9E82C-C594-446D-AA59-8FFBC43AD226}.Release|Any CPU.ActiveCfg = Release|Any CPU
		{99C9E82C-C594-446D-AA59-8FFBC43AD226}.Release|Any CPU.Build.0 = Release|Any CPU
		{AB8B448C-DD74-4D60-A041-3E5D03A32180}.Debug|Any CPU.ActiveCfg = Debug|Any CPU
		{AB8B448C-DD74-4D60-A041-3E5D03A32180}.Debug|Any CPU.Build.0 = Debug|Any CPU
		{AB8B448C-DD74-4D60-A041-3E5D03A32180}.Release|Any CPU.ActiveCfg = Release|Any CPU
		{AB8B448C-DD74-4D60-A041-3E5D03A32180}.Release|Any CPU.Build.0 = Release|Any CPU
		{70AF1445-D789-4E33-81F2-979AACD96A00}.Debug|Any CPU.ActiveCfg = Debug|Any CPU
		{70AF1445-D789-4E33-81F2-979AACD96A00}.Debug|Any CPU.Build.0 = Debug|Any CPU
		{70AF1445-D789-4E33-81F2-979AACD96A00}.Release|Any CPU.ActiveCfg = Release|Any CPU
		{70AF1445-D789-4E33-81F2-979AACD96A00}.Release|Any CPU.Build.0 = Release|Any CPU
		{71DFD0DF-41E0-40EA-A14F-65785AD8D405}.Debug|Any CPU.ActiveCfg = Debug|Any CPU
		{71DFD0DF-41E0-40EA-A14F-65785AD8D405}.Debug|Any CPU.Build.0 = Debug|Any CPU
		{71DFD0DF-41E0-40EA-A14F-65785AD8D405}.Release|Any CPU.ActiveCfg = Release|Any CPU
		{71DFD0DF-41E0-40EA-A14F-65785AD8D405}.Release|Any CPU.Build.0 = Release|Any CPU
		{ADD15406-A78B-41C8-85E1-9F7666937DA7}.Debug|Any CPU.ActiveCfg = Debug|Any CPU
		{ADD15406-A78B-41C8-85E1-9F7666937DA7}.Debug|Any CPU.Build.0 = Debug|Any CPU
		{ADD15406-A78B-41C8-85E1-9F7666937DA7}.Release|Any CPU.ActiveCfg = Release|Any CPU
		{ADD15406-A78B-41C8-85E1-9F7666937DA7}.Release|Any CPU.Build.0 = Release|Any CPU
		{56295E31-A40B-476A-860E-254D5B747372}.Debug|Any CPU.ActiveCfg = Debug|Any CPU
		{56295E31-A40B-476A-860E-254D5B747372}.Debug|Any CPU.Build.0 = Debug|Any CPU
		{56295E31-A40B-476A-860E-254D5B747372}.Release|Any CPU.ActiveCfg = Release|Any CPU
		{56295E31-A40B-476A-860E-254D5B747372}.Release|Any CPU.Build.0 = Release|Any CPU
	EndGlobalSection
	GlobalSection(SolutionProperties) = preSolution
		HideSolutionNode = FALSE
	EndGlobalSection
	GlobalSection(NestedProjects) = preSolution
		{70AF1445-D789-4E33-81F2-979AACD96A00} = {9ADDBDE4-8FD9-4BDD-8B7B-203662A4D01F}
		{71DFD0DF-41E0-40EA-A14F-65785AD8D405} = {7408DF8C-497E-42D2-B836-A19B0DEBA2A9}
		{ADD15406-A78B-41C8-85E1-9F7666937DA7} = {9ADDBDE4-8FD9-4BDD-8B7B-203662A4D01F}
	EndGlobalSection
EndGlobal
